{
    "_meta": {
        "hash": {
            "sha256": "d859f5b0b5ef19731ed02b3eae77dcee289cbbc4cbbaaaa874413115cc2f8a77"
        },
        "pipfile-spec": 6,
        "requires": {
            "python_version": "3"
        },
        "sources": [
            {
                "name": "pypi",
                "url": "https://pypi.org/simple",
                "verify_ssl": true
            }
        ]
    },
    "default": {
        "regis-cli": "*"
    },
    "develop": {
        "pytest": ">=7.4",
        "pytest-cov": ">=4.1",
        "responses": ">=0.24"
    }
}
